
Microsoft Visual Studio Solution File, Format Version 12.00
# Visual Studio Version 17
VisualStudioVersion = 17.8.34316.72
MinimumVisualStudioVersion = 10.0.40219.1
Project("{FAE04EC0-301F-11D3-BF4B-00C04F79EFBC}") = "ToDoListAPI", "ToDoListAPI\ToDoListAPI.csproj", "{225D13E5-B967-4DEF-857A-52EAC63CC6FB}"
EndProject
Global
	GlobalSection(SolutionConfigurationPlatforms) = preSolution
		Debug|Any CPU = Debug|Any CPU
		Release|Any CPU = Release|Any CPU
	EndGlobalSection
	GlobalSection(ProjectConfigurationPlatforms) = postSolution
		{225D13E5-B967-4DEF-857A-52EAC63CC6FB}.Debug|Any CPU.ActiveCfg = Debug|Any CPU
		{225D13E5-B967-4DEF-857A-52EAC63CC6FB}.Debug|Any CPU.Build.0 = Debug|Any CPU
		{225D13E5-B967-4DEF-857A-52EAC63CC6FB}.Release|Any CPU.ActiveCfg = Release|Any CPU
		{225D13E5-B967-4DEF-857A-52EAC63CC6FB}.Release|Any CPU.Build.0 = Release|Any CPU
	EndGlobalSection
	GlobalSection(SolutionProperties) = preSolution
		HideSolutionNode = FALSE
	EndGlobalSection
	GlobalSection(ExtensibilityGlobals) = postSolution
		SolutionGuid = {D1F223B5-9730-4AB8-BC86-B718445E0840}
	EndGlobalSection
EndGlobal
